OMARCHY_URL=https://github.com/basecamp/omarchy.git
OMARCHY_BRANCH=quattro
OMARCHY_COMMIT=144f4d1e31d6ddc2cba5dfd69278cabf02bafd05
OMARCHY_SOURCE_VERSION=4.0.0.alpha
OMARCHY_RELEASE_VERSION=4.0.0rc3
OMARCHY_PKGS_URL=https://github.com/omacom-io/omarchy-pkgs.git
OMARCHY_PKGS_COMMIT=84b86195cdeb0ddc71b58810b208df18f6907ffb
